# This file is automatically @generated by Cargo.
# It is not intended for manual editing.
version = 4

[[package]]
name = "arandu_cli"
version = "0.1.0"
dependencies = [
 "arandu_lexer",
 "arandu_parser",
 "arandu_semantics",
]

[[package]]
name = "arandu_lexer"
version = "0.1.0"

[[package]]
name = "arandu_parser"
version = "0.1.0"
dependencies = [
 "arandu_lexer",
]

[[package]]
name = "arandu_semantics"
version = "0.1.0"
dependencies = [
 "arandu_lexer",
 "arandu_parser",
]
